
Microsoft Visual Studio Solution File, Format Version 11.00
# Visual C++ Express 2010
Project("{8BC9CEB8-8B4A-11D0-8D11-00A0C91BC942}") = "SorecargaComplejo", "SorecargaComplejo\SorecargaComplejo.vcxproj", "{CF9D4AEB-3614-4C8E-90D6-819C1107D5BA}"
EndProject
Global
	GlobalSection(SolutionConfigurationPlatforms) = preSolution
		Debug|Win32 = Debug|Win32
		Release|Win32 = Release|Win32
	EndGlobalSection
	GlobalSection(ProjectConfigurationPlatforms) = postSolution
		{CF9D4AEB-3614-4C8E-90D6-819C1107D5BA}.Debug|Win32.ActiveCfg = Debug|Win32
		{CF9D4AEB-3614-4C8E-90D6-819C1107D5BA}.Debug|Win32.Build.0 = Debug|Win32
		{CF9D4AEB-3614-4C8E-90D6-819C1107D5BA}.Release|Win32.ActiveCfg = Release|Win32
		{CF9D4AEB-3614-4C8E-90D6-819C1107D5BA}.Release|Win32.Build.0 = Release|Win32
	EndGlobalSection
	GlobalSection(SolutionProperties) = preSolution
		HideSolutionNode = FALSE
	EndGlobalSection
EndGlobal
